
Microsoft Visual Studio Solution File, Format Version 12.00
# Visual Studio 15
VisualStudioVersion = 15.0.27130.2036
MinimumVisualStudioVersion = 10.0.40219.1
Project("{FAE04EC0-301F-11D3-BF4B-00C04F79EFBC}") = "GeneriCode", "GeneriCode\GeneriCode.csproj", "{B4541EE0-2536-44F3-9D85-B3833E37484C}"
EndProject
Project("{FAE04EC0-301F-11D3-BF4B-00C04F79EFBC}") = "GeneriCode.Tests", "GeneriCode.Tests\GeneriCode.Tests.csproj", "{6A3341D1-EB73-49C3-AA29-6B7C659BC256}"
EndProject
Global
	GlobalSection(SolutionConfigurationPlatforms) = preSolution
		Debug|Any CPU = Debug|Any CPU
		Release|Any CPU = Release|Any CPU
	EndGlobalSection
	GlobalSection(ProjectConfigurationPlatforms) = postSolution
		{B4541EE0-2536-44F3-9D85-B3833E37484C}.Debug|Any CPU.ActiveCfg = Debug|Any CPU
		{B4541EE0-2536-44F3-9D85-B3833E37484C}.Debug|Any CPU.Build.0 = Debug|Any CPU
		{B4541EE0-2536-44F3-9D85-B3833E37484C}.Release|Any CPU.ActiveCfg = Release|Any CPU
		{B4541EE0-2536-44F3-9D85-B3833E37484C}.Release|Any CPU.Build.0 = Release|Any CPU
		{6A3341D1-EB73-49C3-AA29-6B7C659BC256}.Debug|Any CPU.ActiveCfg = Debug|Any CPU
		{6A3341D1-EB73-49C3-AA29-6B7C659BC256}.Debug|Any CPU.Build.0 = Debug|Any CPU
		{6A3341D1-EB73-49C3-AA29-6B7C659BC256}.Release|Any CPU.ActiveCfg = Release|Any CPU
		{6A3341D1-EB73-49C3-AA29-6B7C659BC256}.Release|Any CPU.Build.0 = Release|Any CPU
	EndGlobalSection
	GlobalSection(SolutionProperties) = preSolution
		HideSolutionNode = FALSE
	EndGlobalSection
	GlobalSection(ExtensibilityGlobals) = postSolution
		SolutionGuid = {17440F2C-F5C2-4ED3-A258-4D4EDEB79942}
	EndGlobalSection
EndGlobal
